// !$*UTF8*$!
{
	archiveVersion = 1;
	classes = {
	};
	objectVersion = 46;
	objects = {

/* Begin PBXBuildFile section */
		5417F7B019D0FDDA00AE22B6 /* main.m in Sources */ = {isa = PBXBuildFile; fileRef = 5417F7AF19D0FDDA00AE22B6 /* main.m */; };
		5417F7B319D0FDDA00AE22B6 /* AppDelegate.m in Sources */ = {isa = PBXBuildFile; fileRef = 5417F7B219D0FDDA00AE22B6 /* AppDelegate.m */; };
		5417F7B619D0FDDA00AE22B6 /* ViewController.m in Sources */ = {isa = PBXBuildFile; fileRef = 5417F7B519D0FDDA00AE22B6 /* ViewController.m */; };
		5417F7B919D0FDDA00AE22B6 /* Main.storyboard in Resources */ = {isa = PBXBuildFile; fileRef = 5417F7B719D0FDDA00AE22B6 /* Main.storyboard */; };
		5417F7BB19D0FDDA00AE22B6 /* Images.xcassets in Resources */ = {isa = PBXBuildFile; fileRef = 5417F7BA19D0FDDA00AE22B6 /* Images.xcassets */; };
		5417F7BE19D0FDDA00AE22B6 /* LaunchScreen.xib in Resources */ = {isa = PBXBuildFile; fileRef = 5417F7BC19D0FDDA00AE22B6 /* LaunchScreen.xib */; };
		5417F7CA19D0FDDA00AE22B6 /* BRSearchBlurTests.m in Sources */ = {isa = PBXBuildFile; fileRef = 5417F7C919D0FDDA00AE22B6 /* BRSearchBlurTests.m */; };
		5417F7D419D0FE1800AE22B6 /* Screen Shot 2014-09-23 at 11.01.42 am.png in Resources */ = {isa = PBXBuildFile; fileRef = 5417F7D319D0FE1800AE22B6 /* Screen Shot 2014-09-23 at 11.01.42 am.png */; };
/* End PBXBuildFile section */

/* Begin PBXContainerItemProxy section */
		5417F7C419D0FDDA00AE22B6 /* PBXContainerItemProxy */ = {
			isa = PBXContainerItemProxy;
			containerPortal = 5417F7A219D0FDDA00AE22B6 /* Project object */;
			proxyType = 1;
			remoteGlobalIDString = 5417F7A919D0FDDA00AE22B6;
			remoteInfo = BRSearchBlur;
		};
/* End PBXContainerItemProxy section */

/* Begin PBXFileReference section */
		5417F7AA19D0FDDA00AE22B6 /* BRSearchBlur.app */ = {isa = PBXFileReference; explicitFileType = wrapper.application; includeInIndex = 0; path = BRSearchBlur.app; sourceTree = BUILT_PRODUCTS_DIR; };
		5417F7AE19D0FDDA00AE22B6 /* Info.plist */ = {isa = PBXFileReference; lastKnownFileType = text.plist.xml; path = Info.plist; sourceTree = "<group>"; };
		5417F7AF19D0FDDA00AE22B6 /* main.m */ = {isa = PBXFileReference; lastKnownFileType = sourcecode.c.objc; path = main.m; sourceTree = "<group>"; };
		5417F7B119D0FDDA00AE22B6 /* AppDelegate.h */ = {isa = PBXFileReference; lastKnownFileType = sourcecode.c.h; path = AppDelegate.h; sourceTree = "<group>"; };
		5417F7B219D0FDDA00AE22B6 /* AppDelegate.m */ = {isa = PBXFileReference; lastKnownFileType = sourcecode.c.objc; path = AppDelegate.m; sourceTree = "<group>"; };
		5417F7B419D0FDDA00AE22B6 /* ViewController.h */ = {isa = PBXFileReference; lastKnownFileType = sourcecode.c.h; path = ViewController.h; sourceTree = "<group>"; };
		5417F7B519D0FDDA00AE22B6 /* ViewController.m */ = {isa = PBXFileReference; lastKnownFileType = sourcecode.c.objc; path = ViewController.m; sourceTree = "<group>"; };
		5417F7B819D0FDDA00AE22B6 /* Base */ = {isa = PBXFileReference; lastKnownFileType = file.storyboard; name = Base; path = Base.lproj/Main.storyboard; sourceTree = "<group>"; };
		5417F7BA19D0FDDA00AE22B6 /* Images.xcassets */ = {isa = PBXFileReference; lastKnownFileType = folder.assetcatalog; path = Images.xcassets; sourceTree = "<group>"; };
		5417F7BD19D0FDDA00AE22B6 /* Base */ = {isa = PBXFileReference; lastKnownFileType = file.xib; name = Base; path = Base.lproj/LaunchScreen.xib; sourceTree = "<group>"; };
		5417F7C319D0FDDA00AE22B6 /* BRSearchBlurTests.xctest */ = {isa = PBXFileReference; explicitFileType = wrapper.cfbundle; includeInIndex = 0; path = BRSearchBlurTests.xctest; sourceTree = BUILT_PRODUCTS_DIR; };
		5417F7C819D0FDDA00AE22B6 /* Info.plist */ = {isa = PBXFileReference; lastKnownFileType = text.plist.xml; path = Info.plist; sourceTree = "<group>"; };
		5417F7C919D0FDDA00AE22B6 /* BRSearchBlurTests.m */ = {isa = PBXFileReference; lastKnownFileType = sourcecode.c.objc; path = BRSearchBlurTests.m; sourceTree = "<group>"; };
		5417F7D319D0FE1800AE22B6 /* Screen Shot 2014-09-23 at 11.01.42 am.png */ = {isa = PBXFileReference; lastKnownFileType = image.png; path = "Screen Shot 2014-09-23 at 11.01.42 am.png"; sourceTree = "<group>"; };
/* End PBXFileReference section */

/* Begin PBXFrameworksBuildPhase section */
		5417F7A719D0FDDA00AE22B6 /* Frameworks */ = {
			isa = PBXFrameworksBuildPhase;
			buildActionMask = 2147483647;
			files = (
			);
			runOnlyForDeploymentPostprocessing = 0;
		};
		5417F7C019D0FDDA00AE22B6 /* Frameworks */ = {
			isa = PBXFrameworksBuildPhase;
			buildActionMask = 2147483647;
			files = (
			);
			runOnlyForDeploymentPostprocessing = 0;
		};
/* End PBXFrameworksBuildPhase section */

/* Begin PBXGroup section */
		5417F7A119D0FDDA00AE22B6 = {
			isa = PBXGroup;
			children = (
				5417F7AC19D0FDDA00AE22B6 /* BRSearchBlur */,
				5417F7C619D0FDDA00AE22B6 /* BRSearchBlurTests */,
				5417F7AB19D0FDDA00AE22B6 /* Products */,
			);
			sourceTree = "<group>";
		};
		5417F7AB19D0FDDA00AE22B6 /* Products */ = {
			isa = PBXGroup;
			children = (
				5417F7AA19D0FDDA00AE22B6 /* BRSearchBlur.app */,
				5417F7C319D0FDDA00AE22B6 /* BRSearchBlurTests.xctest */,
			);
			name = Products;
			sourceTree = "<group>";
		};
		5417F7AC19D0FDDA00AE22B6 /* BRSearchBlur */ = {
			isa = PBXGroup;
			children = (
				5417F7B119D0FDDA00AE22B6 /* AppDelegate.h */,
				5417F7B219D0FDDA00AE22B6 /* AppDelegate.m */,
				5417F7B419D0FDDA00AE22B6 /* ViewController.h */,
				5417F7B519D0FDDA00AE22B6 /* ViewController.m */,
				5417F7D319D0FE1800AE22B6 /* Screen Shot 2014-09-23 at 11.01.42 am.png */,
				5417F7B719D0FDDA00AE22B6 /* Main.storyboard */,
				5417F7BA19D0FDDA00AE22B6 /* Images.xcassets */,
				5417F7BC19D0FDDA00AE22B6 /* LaunchScreen.xib */,
				5417F7AD19D0FDDA00AE22B6 /* Supporting Files */,
			);
			path = BRSearchBlur;
			sourceTree = "<group>";
		};
		5417F7AD19D0FDDA00AE22B6 /* Supporting Files */ = {
			isa = PBXGroup;
			children = (
				5417F7AE19D0FDDA00AE22B6 /* Info.plist */,
				5417F7AF19D0FDDA00AE22B6 /* main.m */,
			);
			name = "Supporting Files";
			sourceTree = "<group>";
		};
		5417F7C619D0FDDA00AE22B6 /* BRSearchBlurTests */ = {
			isa = PBXGroup;
			children = (
				5417F7C919D0FDDA00AE22B6 /* BRSearchBlurTests.m */,
				5417F7C719D0FDDA00AE22B6 /* Supporting Files */,
			);
			path = BRSearchBlurTests;
			sourceTree = "<group>";
		};
		5417F7C719D0FDDA00AE22B6 /* Supporting Files */ = {
			isa = PBXGroup;
			children = (
				5417F7C819D0FDDA00AE22B6 /* Info.plist */,
			);
			name = "Supporting Files";
			sourceTree = "<group>";
		};
/* End PBXGroup section */

/* Begin PBXNativeTarget section */
		5417F7A919D0FDDA00AE22B6 /* BRSearchBlur */ = {
			isa = PBXNativeTarget;
			buildConfigurationList = 5417F7CD19D0FDDA00AE22B6 /* Build configuration list for PBXNativeTarget "BRSearchBlur" */;
			buildPhases = (
				5417F7A619D0FDDA00AE22B6 /* Sources */,
				5417F7A719D0FDDA00AE22B6 /* Frameworks */,
				5417F7A819D0FDDA00AE22B6 /* Resources */,
			);
			buildRules = (
			);
			dependencies = (
			);
			name = BRSearchBlur;
			productName = BRSearchBlur;
			productReference = 5417F7AA19D0FDDA00AE22B6 /* BRSearchBlur.app */;
			productType = "com.apple.product-type.application";
		};
		5417F7C219D0FDDA00AE22B6 /* BRSearchBlurTests */ = {
			isa = PBXNativeTarget;
			buildConfigurationList = 5417F7D019D0FDDA00AE22B6 /* Build configuration list for PBXNativeTarget "BRSearchBlurTests" */;
			buildPhases = (
				5417F7BF19D0FDDA00AE22B6 /* Sources */,
				5417F7C019D0FDDA00AE22B6 /* Frameworks */,
				5417F7C119D0FDDA00AE22B6 /* Resources */,
			);
			buildRules = (
			);
			dependencies = (
				5417F7C519D0FDDA00AE22B6 /* PBXTargetDependency */,
			);
			name = BRSearchBlurTests;
			productName = BRSearchBlurTests;
			productReference = 5417F7C319D0FDDA00AE22B6 /* BRSearchBlurTests.xctest */;
			productType = "com.apple.product-type.bundle.unit-test";
		};
/* End PBXNativeTarget section */

/* Begin PBXProject section */
		5417F7A219D0FDDA00AE22B6 /* Project object */ = {
			isa = PBXProject;
			attributes = {
				LastUpgradeCheck = 0600;
				ORGANIZATIONNAME = "Bronron Apps";
				TargetAttributes = {
					5417F7A919D0FDDA00AE22B6 = {
						CreatedOnToolsVersion = 6.0;
					};
					5417F7C219D0FDDA00AE22B6 = {
						CreatedOnToolsVersion = 6.0;
						TestTargetID = 5417F7A919D0FDDA00AE22B6;
					};
				};
			};
			buildConfigurationList = 5417F7A519D0FDDA00AE22B6 /* Build configuration list for PBXProject "BRSearchBlur" */;
			compatibilityVersion = "Xcode 3.2";
			developmentRegion = English;
			hasScannedForEncodings = 0;
			knownRegions = (
				en,
				Base,
			);
			mainGroup = 5417F7A119D0FDDA00AE22B6;
			productRefGroup = 5417F7AB19D0FDDA00AE22B6 /* Products */;
			projectDirPath = "";
			projectRoot = "";
			targets = (
				5417F7A919D0FDDA00AE22B6 /* BRSearchBlur */,
				5417F7C219D0FDDA00AE22B6 /* BRSearchBlurTests */,
			);
		};
/* End PBXProject section */

/* Begin PBXResourcesBuildPhase section */
		5417F7A819D0FDDA00AE22B6 /* Resources */ = {
			isa = PBXResourcesBuildPhase;
			buildActionMask = 2147483647;
			files = (
				5417F7B919D0FDDA00AE22B6 /* Main.storyboard in Resources */,
				5417F7D419D0FE1800AE22B6 /* Screen Shot 2014-09-23 at 11.01.42 am.png in Resources */,
				5417F7BE19D0FDDA00AE22B6 /* LaunchScreen.xib in Resources */,
				5417F7BB19D0FDDA00AE22B6 /* Images.xcassets in Resources */,
			);
			runOnlyForDeploymentPostprocessing = 0;
		};
		5417F7C119D0FDDA00AE22B6 /* Resources */ = {
			isa = PBXResourcesBuildPhase;
			buildActionMask = 2147483647;
			files = (
			);
			runOnlyForDeploymentPostprocessing = 0;
		};
/* End PBXResourcesBuildPhase section */

/* Begin PBXSourcesBuildPhase section */
		5417F7A619D0FDDA00AE22B6 /* Sources */ = {
			isa = PBXSourcesBuildPhase;
			buildActionMask = 2147483647;
			files = (
				5417F7B619D0FDDA00AE22B6 /* ViewController.m in Sources */,
				5417F7B319D0FDDA00AE22B6 /* AppDelegate.m in Sources */,
				5417F7B019D0FDDA00AE22B6 /* main.m in Sources */,
			);
			runOnlyForDeploymentPostprocessing = 0;
		};
		5417F7BF19D0FDDA00AE22B6 /* Sources */ = {
			isa = PBXSourcesBuildPhase;
			buildActionMask = 2147483647;
			files = (
				5417F7CA19D0FDDA00AE22B6 /* BRSearchBlurTests.m in Sources */,
			);
			runOnlyForDeploymentPostprocessing = 0;
		};
/* End PBXSourcesBuildPhase section */

/* Begin PBXTargetDependency section */
		5417F7C519D0FDDA00AE22B6 /* PBXTargetDependency */ = {
			isa = PBXTargetDependency;
			target = 5417F7A919D0FDDA00AE22B6 /* BRSearchBlur */;
			targetProxy = 5417F7C419D0FDDA00AE22B6 /* PBXContainerItemProxy */;
		};
/* End PBXTargetDependency section */

/* Begin PBXVariantGroup section */
		5417F7B719D0FDDA00AE22B6 /* Main.storyboard */ = {
			isa = PBXVariantGroup;
			children = (
				5417F7B819D0FDDA00AE22B6 /* Base */,
			);
			name = Main.storyboard;
			sourceTree = "<group>";
		};
		5417F7BC19D0FDDA00AE22B6 /* LaunchScreen.xib */ = {
			isa = PBXVariantGroup;
			children = (
				5417F7BD19D0FDDA00AE22B6 /* Base */,
			);
			name = LaunchScreen.xib;
			sourceTree = "<group>";
		};
/* End PBXVariantGroup section */

/* Begin XCBuildConfiguration section */
		5417F7CB19D0FDDA00AE22B6 /* Debug */ = {
			isa = XCBuildConfiguration;
			buildSettings = {
				ALWAYS_SEARCH_USER_PATHS = NO;
				CLANG_CXX_LANGUAGE_STANDARD = "gnu++0x";
				CLANG_CXX_LIBRARY = "libc++";
				CLANG_ENABLE_MODULES = YES;
				CLANG_ENABLE_OBJC_ARC = YES;
				CLANG_WARN_BOOL_CONVERSION = YES;
				CLANG_WARN_CONSTANT_CONVERSION = YES;
				CLANG_WARN_DIRECT_OBJC_ISA_USAGE = YES_ERROR;
				CLANG_WARN_EMPTY_BODY = YES;
				CLANG_WARN_ENUM_CONVERSION = YES;
				CLANG_WARN_INT_CONVERSION = YES;
				CLANG_WARN_OBJC_ROOT_CLASS = YES_ERROR;
				CLANG_WARN_UNREACHABLE_CODE = YES;
				CLANG_WARN__DUPLICATE_METHOD_MATCH = YES;
				"CODE_SIGN_IDENTITY[sdk=iphoneos*]" = "iPhone Developer";
				COPY_PHASE_STRIP = NO;
				ENABLE_STRICT_OBJC_MSGSEND = YES;
				GCC_C_LANGUAGE_STANDARD = gnu99;
				GCC_DYNAMIC_NO_PIC = NO;
				GCC_OPTIMIZATION_LEVEL = 0;
				GCC_PREPROCESSOR_DEFINITIONS = (
					"DEBUG=1",
					"$(inherited)",
				);
				GCC_SYMBOLS_PRIVATE_EXTERN = NO;
				GCC_WARN_64_TO_32_BIT_CONVERSION = YES;
				GCC_WARN_ABOUT_RETURN_TYPE = YES_ERROR;
				GCC_WARN_UNDECLARED_SELECTOR = YES;
				GCC_WARN_UNINITIALIZED_AUTOS = YES_AGGRESSIVE;
				GCC_WARN_UNUSED_FUNCTION = YES;
				GCC_WARN_UNUSED_VARIABLE = YES;
				IPHONEOS_DEPLOYMENT_TARGET = 8.0;
				MTL_ENABLE_DEBUG_INFO = YES;
				ONLY_ACTIVE_ARCH = YES;
				SDKROOT = iphoneos;
			};
			name = Debug;
		};
		5417F7CC19D0FDDA00AE22B6 /* Release */ = {
			isa = XCBuildConfiguration;
			buildSettings = {
				ALWAYS_SEARCH_USER_PATHS = NO;
				CLANG_CXX_LANGUAGE_STANDARD = "gnu++0x";
				CLANG_CXX_LIBRARY = "libc++";
				CLANG_ENABLE_MODULES = YES;
				CLANG_ENABLE_OBJC_ARC = YES;
				CLANG_WARN_BOOL_CONVERSION = YES;
				CLANG_WARN_CONSTANT_CONVERSION = YES;
				CLANG_WARN_DIRECT_OBJC_ISA_USAGE = YES_ERROR;
				CLANG_WARN_EMPTY_BODY = YES;
				CLANG_WARN_ENUM_CONVERSION = YES;
				CLANG_WARN_INT_CONVERSION = YES;
				CLANG_WARN_OBJC_ROOT_CLASS = YES_ERROR;
				CLANG_WARN_UNREACHABLE_CODE = YES;
				CLANG_WARN__DUPLICATE_METHOD_MATCH = YES;
				"CODE_SIGN_IDENTITY[sdk=iphoneos*]" = "iPhone Developer";
				COPY_PHASE_STRIP = YES;
				ENABLE_NS_ASSERTIONS = NO;
				ENABLE_STRICT_OBJC_MSGSEND = YES;
				GCC_C_LANGUAGE_STANDARD = gnu99;
				GCC_WARN_64_TO_32_BIT_CONVERSION = YES;
				GCC_WARN_ABOUT_RETURN_TYPE = YES_ERROR;
				GCC_WARN_UNDECLARED_SELECTOR = YES;
				GCC_WARN_UNINITIALIZED_AUTOS = YES_AGGRESSIVE;
				GCC_WARN_UNUSED_FUNCTION = YES;
				GCC_WARN_UNUSED_VARIABLE = YES;
				IPHONEOS_DEPLOYMENT_TARGET = 8.0;
				MTL_ENABLE_DEBUG_INFO = NO;
				SDKROOT = iphoneos;
				VALIDATE_PRODUCT = YES;
			};
			name = Release;
		};
		5417F7CE19D0FDDA00AE22B6 /* Debug */ = {
			isa = XCBuildConfiguration;
			buildSettings = {
				ASSETCATALOG_COMPILER_APPICON_NAME = AppIcon;
				INFOPLIST_FILE = BRSearchBlur/Info.plist;
				LD_RUNPATH_SEARCH_PATHS = "$(inherited) @executable_path/Frameworks";
				PRODUCT_NAME = "$(TARGET_NAME)";
			};
			name = Debug;
		};
		5417F7CF19D0FDDA00AE22B6 /* Release */ = {
			isa = XCBuildConfiguration;
			buildSettings = {
				ASSETCATALOG_COMPILER_APPICON_NAME = AppIcon;
				INFOPLIST_FILE = BRSearchBlur/Info.plist;
				LD_RUNPATH_SEARCH_PATHS = "$(inherited) @executable_path/Frameworks";
				PRODUCT_NAME = "$(TARGET_NAME)";
			};
			name = Release;
		};
		5417F7D119D0FDDA00AE22B6 /* Debug */ = {
			isa = XCBuildConfiguration;
			buildSettings = {
				BUNDLE_LOADER = "$(TEST_HOST)";
				FRAMEWORK_SEARCH_PATHS = (
					"$(SDKROOT)/Developer/Library/Frameworks",
					"$(inherited)",
				);
				GCC_PREPROCESSOR_DEFINITIONS = (
					"DEBUG=1",
					"$(inherited)",
				);
				INFOPLIST_FILE = BRSearchBlurTests/Info.plist;
				LD_RUNPATH_SEARCH_PATHS = "$(inherited) @executable_path/Frameworks @loader_path/Frameworks";
				PRODUCT_NAME = "$(TARGET_NAME)";
				TEST_HOST = "$(BUILT_PRODUCTS_DIR)/BRSearchBlur.app/BRSearchBlur";
			};
			name = Debug;
		};
		5417F7D219D0FDDA00AE22B6 /* Release */ = {
			isa = XCBuildConfiguration;
			buildSettings = {
				BUNDLE_LOADER = "$(TEST_HOST)";
				FRAMEWORK_SEARCH_PATHS = (
					"$(SDKROOT)/Developer/Library/Frameworks",
					"$(inherited)",
				);
				INFOPLIST_FILE = BRSearchBlurTests/Info.plist;
				LD_RUNPATH_SEARCH_PATHS = "$(inherited) @executable_path/Frameworks @loader_path/Frameworks";
				PRODUCT_NAME = "$(TARGET_NAME)";
				TEST_HOST = "$(BUILT_PRODUCTS_DIR)/BRSearchBlur.app/BRSearchBlur";
			};
			name = Release;
		};
/* End XCBuildConfiguration section */

/* Begin XCConfigurationList section */
		5417F7A519D0FDDA00AE22B6 /* Build configuration list for PBXProject "BRSearchBlur" */ = {
			isa = XCConfigurationList;
			buildConfigurations = (
				5417F7CB19D0FDDA00AE22B6 /* Debug */,
				5417F7CC19D0FDDA00AE22B6 /* Release */,
			);
			defaultConfigurationIsVisible = 0;
			defaultConfigurationName = Release;
		};
		5417F7CD19D0FDDA00AE22B6 /* Build configuration list for PBXNativeTarget "BRSearchBlur" */ = {
			isa = XCConfigurationList;
			buildConfigurations = (
				5417F7CE19D0FDDA00AE22B6 /* Debug */,
				5417F7CF19D0FDDA00AE22B6 /* Release */,
			);
			defaultConfigurationIsVisible = 0;
		};
		5417F7D019D0FDDA00AE22B6 /* Build configuration list for PBXNativeTarget "BRSearchBlurTests" */ = {
			isa = XCConfigurationList;
			buildConfigurations = (
				5417F7D119D0FDDA00AE22B6 /* Debug */,
				5417F7D219D0FDDA00AE22B6 /* Release */,
			);
			defaultConfigurationIsVisible = 0;
		};
/* End XCConfigurationList section */
	};
	rootObject = 5417F7A219D0FDDA00AE22B6 /* Project object */;
}
